
Microsoft Visual Studio Solution File, Format Version 12.00
# Visual Studio 15
VisualStudioVersion = 15.0.28307.572
MinimumVisualStudioVersion = 10.0.40219.1
Project("{2150E333-8FDC-42A3-9474-1A3956D46DE8}") = "Demo", "Demo", "{2CD4E318-8ED5-46C6-AA5D-84AA296A1908}"
EndProject
Project("{9A19103F-16F7-4668-BE54-9A1E7A4F7556}") = "LogTrace", "LogTrace\LogTrace.csproj", "{9FA10031-DB68-491D-BD71-2755B814F139}"
EndProject
Project("{FAE04EC0-301F-11D3-BF4B-00C04F79EFBC}") = "LogTracer.Test", "LogTracer.Test\LogTracer.Test.csproj", "{E216FBDB-286C-45FC-8F2F-9A4208B1582B}"
EndProject
Project("{FAE04EC0-301F-11D3-BF4B-00C04F79EFBC}") = "LogTrace.SampleApi", "Demo\LogTrace.SampleApi\LogTrace.SampleApi.csproj", "{E8C35903-1073-4661-AAD1-90AED5246549}"
EndProject
Project("{FAE04EC0-301F-11D3-BF4B-00C04F79EFBC}") = "LogTrace.SampleWeb", "Demo\LogTrace.SampleWeb\LogTrace.SampleWeb.csproj", "{C02EA3D0-54D1-49A2-88E6-16AB8DEB7D7C}"
EndProject
Global
	GlobalSection(SolutionConfigurationPlatforms) = preSolution
		Debug|Any CPU = Debug|Any CPU
		Release|Any CPU = Release|Any CPU
	EndGlobalSection
	GlobalSection(ProjectConfigurationPlatforms) = postSolution
		{9FA10031-DB68-491D-BD71-2755B814F139}.Debug|Any CPU.ActiveCfg = Debug|Any CPU
		{9FA10031-DB68-491D-BD71-2755B814F139}.Debug|Any CPU.Build.0 = Debug|Any CPU
		{9FA10031-DB68-491D-BD71-2755B814F139}.Release|Any CPU.ActiveCfg = Release|Any CPU
		{9FA10031-DB68-491D-BD71-2755B814F139}.Release|Any CPU.Build.0 = Release|Any CPU
		{E216FBDB-286C-45FC-8F2F-9A4208B1582B}.Debug|Any CPU.ActiveCfg = Debug|Any CPU
		{E216FBDB-286C-45FC-8F2F-9A4208B1582B}.Debug|Any CPU.Build.0 = Debug|Any CPU
		{E216FBDB-286C-45FC-8F2F-9A4208B1582B}.Release|Any CPU.ActiveCfg = Release|Any CPU
		{E216FBDB-286C-45FC-8F2F-9A4208B1582B}.Release|Any CPU.Build.0 = Release|Any CPU
		{E8C35903-1073-4661-AAD1-90AED5246549}.Debug|Any CPU.ActiveCfg = Debug|Any CPU
		{E8C35903-1073-4661-AAD1-90AED5246549}.Debug|Any CPU.Build.0 = Debug|Any CPU
		{E8C35903-1073-4661-AAD1-90AED5246549}.Release|Any CPU.ActiveCfg = Release|Any CPU
		{E8C35903-1073-4661-AAD1-90AED5246549}.Release|Any CPU.Build.0 = Release|Any CPU
		{C02EA3D0-54D1-49A2-88E6-16AB8DEB7D7C}.Debug|Any CPU.ActiveCfg = Debug|Any CPU
		{C02EA3D0-54D1-49A2-88E6-16AB8DEB7D7C}.Debug|Any CPU.Build.0 = Debug|Any CPU
		{C02EA3D0-54D1-49A2-88E6-16AB8DEB7D7C}.Release|Any CPU.ActiveCfg = Release|Any CPU
		{C02EA3D0-54D1-49A2-88E6-16AB8DEB7D7C}.Release|Any CPU.Build.0 = Release|Any CPU
	EndGlobalSection
	GlobalSection(SolutionProperties) = preSolution
		HideSolutionNode = FALSE
	EndGlobalSection
	GlobalSection(NestedProjects) = preSolution
		{E8C35903-1073-4661-AAD1-90AED5246549} = {2CD4E318-8ED5-46C6-AA5D-84AA296A1908}
		{C02EA3D0-54D1-49A2-88E6-16AB8DEB7D7C} = {2CD4E318-8ED5-46C6-AA5D-84AA296A1908}
	EndGlobalSection
	GlobalSection(ExtensibilityGlobals) = postSolution
		SolutionGuid = {3DAB7E61-2647-4F78-8446-FCB7D72C5A37}
	EndGlobalSection
EndGlobal
