
Microsoft Visual Studio Solution File, Format Version 12.00
# Visual Studio 15
VisualStudioVersion = 15.0.28307.572
MinimumVisualStudioVersion = 10.0.40219.1
Project("{2150E333-8FDC-42A3-9474-1A3956D46DE8}") = "Demo", "Demo", "{2CD4E318-8ED5-46C6-AA5D-84AA296A1908}"
EndProject
Project("{9A19103F-16F7-4668-BE54-9A1E7A4F7556}") = "LogTrace", "LogTrace\LogTrace.csproj", "{9FA10031-DB68-491D-BD71-2755B814F139}"
EndProject
Project("{FAE04EC0-301F-11D3-BF4B-00C04F79EFBC}") = "LogTracer.Test", "LogTracer.Test\LogTracer.Test.csproj", "{E216FBDB-286C-45FC-8F2F-9A4208B1582B}"
EndProject
Project("{9A19103F-16F7-4668-BE54-9A1E7A4F7556}") = "LogTrace.WebPage", "LogTrace.WebPage\LogTrace.WebPage.csproj", "{3E4696A9-628B-4A5F-AB54-0E85A3AB3180}"
	ProjectSection(ProjectDependencies) = postProject
		{9FA10031-DB68-491D-BD71-2755B814F139} = {9FA10031-DB68-491D-BD71-2755B814F139}
	EndProjectSection
EndProject
Project("{FAE04EC0-301F-11D3-BF4B-00C04F79EFBC}") = "LogTrace.WebPage.Demo40", "LogTrace.WebPage.Demo40\LogTrace.WebPage.Demo40.csproj", "{18FE6A02-FD5D-40F2-8485-8D1F489FF2EA}"
EndProject
Project("{FAE04EC0-301F-11D3-BF4B-00C04F79EFBC}") = "LogTrace.WebPage.Demo45", "LogTrace.WebPage.Demo45\LogTrace.WebPage.Demo45.csproj", "{D8212E0B-4AE9-49E3-8EB5-6136F411A615}"
EndProject
Global
	GlobalSection(SolutionConfigurationPlatforms) = preSolution
		Debug|Any CPU = Debug|Any CPU
		Release|Any CPU = Release|Any CPU
	EndGlobalSection
	GlobalSection(ProjectConfigurationPlatforms) = postSolution
		{9FA10031-DB68-491D-BD71-2755B814F139}.Debug|Any CPU.ActiveCfg = Debug|Any CPU
		{9FA10031-DB68-491D-BD71-2755B814F139}.Debug|Any CPU.Build.0 = Debug|Any CPU
		{9FA10031-DB68-491D-BD71-2755B814F139}.Release|Any CPU.ActiveCfg = Release|Any CPU
		{9FA10031-DB68-491D-BD71-2755B814F139}.Release|Any CPU.Build.0 = Release|Any CPU
		{E216FBDB-286C-45FC-8F2F-9A4208B1582B}.Debug|Any CPU.ActiveCfg = Debug|Any CPU
		{E216FBDB-286C-45FC-8F2F-9A4208B1582B}.Debug|Any CPU.Build.0 = Debug|Any CPU
		{E216FBDB-286C-45FC-8F2F-9A4208B1582B}.Release|Any CPU.ActiveCfg = Release|Any CPU
		{E216FBDB-286C-45FC-8F2F-9A4208B1582B}.Release|Any CPU.Build.0 = Release|Any CPU
		{3E4696A9-628B-4A5F-AB54-0E85A3AB3180}.Debug|Any CPU.ActiveCfg = Debug|Any CPU
		{3E4696A9-628B-4A5F-AB54-0E85A3AB3180}.Debug|Any CPU.Build.0 = Debug|Any CPU
		{3E4696A9-628B-4A5F-AB54-0E85A3AB3180}.Release|Any CPU.ActiveCfg = Release|Any CPU
		{3E4696A9-628B-4A5F-AB54-0E85A3AB3180}.Release|Any CPU.Build.0 = Release|Any CPU
		{18FE6A02-FD5D-40F2-8485-8D1F489FF2EA}.Debug|Any CPU.ActiveCfg = Debug|Any CPU
		{18FE6A02-FD5D-40F2-8485-8D1F489FF2EA}.Debug|Any CPU.Build.0 = Debug|Any CPU
		{18FE6A02-FD5D-40F2-8485-8D1F489FF2EA}.Release|Any CPU.ActiveCfg = Release|Any CPU
		{18FE6A02-FD5D-40F2-8485-8D1F489FF2EA}.Release|Any CPU.Build.0 = Release|Any CPU
		{D8212E0B-4AE9-49E3-8EB5-6136F411A615}.Debug|Any CPU.ActiveCfg = Debug|Any CPU
		{D8212E0B-4AE9-49E3-8EB5-6136F411A615}.Debug|Any CPU.Build.0 = Debug|Any CPU
		{D8212E0B-4AE9-49E3-8EB5-6136F411A615}.Release|Any CPU.ActiveCfg = Release|Any CPU
		{D8212E0B-4AE9-49E3-8EB5-6136F411A615}.Release|Any CPU.Build.0 = Release|Any CPU
	EndGlobalSection
	GlobalSection(SolutionProperties) = preSolution
		HideSolutionNode = FALSE
	EndGlobalSection
	GlobalSection(NestedProjects) = preSolution
		{18FE6A02-FD5D-40F2-8485-8D1F489FF2EA} = {2CD4E318-8ED5-46C6-AA5D-84AA296A1908}
		{D8212E0B-4AE9-49E3-8EB5-6136F411A615} = {2CD4E318-8ED5-46C6-AA5D-84AA296A1908}
	EndGlobalSection
	GlobalSection(ExtensibilityGlobals) = postSolution
		SolutionGuid = {3DAB7E61-2647-4F78-8446-FCB7D72C5A37}
	EndGlobalSection
EndGlobal
